{
  "lockfileVersion": 1,
  "configVersion": 1,
  "workspaces": {
    "": {
      "name": "bit-context-protocol",
      "dependencies": {
        "loclaude": "^0.0.6",
      },
      "devDependencies": {
        "@types/bun": "latest",
      },
      "peerDependencies": {
        "typescript": "^5",
      },
    },
    "packages/bcp-mcp-server": {
      "name": "bcp-mcp-server",
      "version": "0.1.0",
      "dependencies": {
        "debug": "^4.4.3",
        "supports-color": "^10.2.2",
      },
      "devDependencies": {
        "@types/debug": "^4.1.12",
      },
    },
  },
  "packages": {
    "@inquirer/ansi": ["@inquirer/ansi@2.0.3", "", {}, "sha512-g44zhR3NIKVs0zUesa4iMzExmZpLUdTLRMCStqX3GE5NT6VkPcxQGJ+uC8tDgBUC/vB1rUhUd55cOf++4NZcmw=="],

    "@inquirer/checkbox": ["@inquirer/checkbox@5.0.7", "", { "dependencies": { "@inquirer/ansi": "^2.0.3", "@inquirer/core": "^11.1.4", "@inquirer/figures": "^2.0.3", "@inquirer/type": "^4.0.3" }, "peerDependencies": { "@types/node": ">=18" }, "optionalPeers": ["@types/node"] }, "sha512-OGJykc3mpe4kiNXwXlDlP4MFqZso5QOoXJaJrmTJI+Y+gq68wxTyCUIFv34qgwZTHnGGeqwUKGOi4oxptTe+ZQ=="],

    "@inquirer/confirm": ["@inquirer/confirm@6.0.7", "", { "dependencies": { "@inquirer/core": "^11.1.4", "@inquirer/type": "^4.0.3" }, "peerDependencies": { "@types/node": ">=18" }, "optionalPeers": ["@types/node"] }, "sha512-lKdNloHLnGoBUUwprxKFd+SpkAnyQTBrZACFPtxDq9GiLICD2t+CaeJ1Ku4goZsGPyBIFc2YYpmDSJLEXoc16g=="],

    "@inquirer/core": ["@inquirer/core@11.1.4", "", { "dependencies": { "@inquirer/ansi": "^2.0.3", "@inquirer/figures": "^2.0.3", "@inquirer/type": "^4.0.3", "cli-width": "^4.1.0", "fast-wrap-ansi": "^0.2.0", "mute-stream": "^3.0.0", "signal-exit": "^4.1.0" }, "peerDependencies": { "@types/node": ">=18" }, "optionalPeers": ["@types/node"] }, "sha512-1HvwyASF0tE/7W8geTTn0ydiWb463pq4SBIpaWcVabTrw55+CiRmytV9eZoqt3ohchsPw4Vv60jfNiI6YljVUg=="],

    "@inquirer/editor": ["@inquirer/editor@5.0.7", "", { "dependencies": { "@inquirer/core": "^11.1.4", "@inquirer/external-editor": "^2.0.3", "@inquirer/type": "^4.0.3" }, "peerDependencies": { "@types/node": ">=18" }, "optionalPeers": ["@types/node"] }, "sha512-d36tisyvmxH7H+LICTeTofrKmJ+R1jAYV8q0VTYh96cm8mP2BdGh9TAIqbCGcciX8/dr0fJW+VJq3jAnco5xfg=="],

    "@inquirer/expand": ["@inquirer/expand@5.0.7", "", { "dependencies": { "@inquirer/core": "^11.1.4", "@inquirer/type": "^4.0.3" }, "peerDependencies": { "@types/node": ">=18" }, "optionalPeers": ["@types/node"] }, "sha512-h2RRFzDdeXOXLrJOUAaHzyR1HbiZlrl/NxorOAgNrzhiSThbwEFVOf88lJzbF5WXGrQ2RwqK2h0xAE7eo8QP5w=="],

    "@inquirer/external-editor": ["@inquirer/external-editor@2.0.3", "", { "dependencies": { "chardet": "^2.1.1", "iconv-lite": "^0.7.2" }, "peerDependencies": { "@types/node": ">=18" }, "optionalPeers": ["@types/node"] }, "sha512-LgyI7Agbda74/cL5MvA88iDpvdXI2KuMBCGRkbCl2Dg1vzHeOgs+s0SDcXV7b+WZJrv2+ERpWSM65Fpi9VfY3w=="],

    "@inquirer/figures": ["@inquirer/figures@2.0.3", "", {}, "sha512-y09iGt3JKoOCBQ3w4YrSJdokcD8ciSlMIWsD+auPu+OZpfxLuyz+gICAQ6GCBOmJJt4KEQGHuZSVff2jiNOy7g=="],

    "@inquirer/input": ["@inquirer/input@5.0.7", "", { "dependencies": { "@inquirer/core": "^11.1.4", "@inquirer/type": "^4.0.3" }, "peerDependencies": { "@types/node": ">=18" }, "optionalPeers": ["@types/node"] }, "sha512-b+eKk/eUvKLQ6c+rDu9u4I1+twdjOfrEaw9NURDpCrWYJTWL1/JQEudZi0AeqXDGcn0tMdhlfpEfjcqr33B/qw=="],

    "@inquirer/number": ["@inquirer/number@4.0.7", "", { "dependencies": { "@inquirer/core": "^11.1.4", "@inquirer/type": "^4.0.3" }, "peerDependencies": { "@types/node": ">=18" }, "optionalPeers": ["@types/node"] }, "sha512-/l5KxcLFFexzOwh8DcVOI7zgVQCwcBt/9yHWtvMdYvaYLMK5J31BSR/fO3Z9WauA21qwAkDGRvYNHIG4vR6JwA=="],

    "@inquirer/password": ["@inquirer/password@5.0.7", "", { "dependencies": { "@inquirer/ansi": "^2.0.3", "@inquirer/core": "^11.1.4", "@inquirer/type": "^4.0.3" }, "peerDependencies": { "@types/node": ">=18" }, "optionalPeers": ["@types/node"] }, "sha512-h3Rgzb8nFMxgK6X5246MtwTX/rXs5Z58DbeuUKI6W5dQ+CZusEunNeT7rosdB+Upn79BkfZJO0AaiH8MIi9v1A=="],

    "@inquirer/prompts": ["@inquirer/prompts@8.2.1", "", { "dependencies": { "@inquirer/checkbox": "^5.0.5", "@inquirer/confirm": "^6.0.5", "@inquirer/editor": "^5.0.5", "@inquirer/expand": "^5.0.5", "@inquirer/input": "^5.0.5", "@inquirer/number": "^4.0.5", "@inquirer/password": "^5.0.5", "@inquirer/rawlist": "^5.2.1", "@inquirer/search": "^4.1.1", "@inquirer/select": "^5.0.5" }, "peerDependencies": { "@types/node": ">=18" }, "optionalPeers": ["@types/node"] }, "sha512-76knJFW2oXdI6If5YRmEoT5u7l+QroXYrMiINFcb97LsyECgsbO9m6iWlPuhBtaFgNITPHQCk3wbex38q8gsjg=="],

    "@inquirer/rawlist": ["@inquirer/rawlist@5.2.3", "", { "dependencies": { "@inquirer/core": "^11.1.4", "@inquirer/type": "^4.0.3" }, "peerDependencies": { "@types/node": ">=18" }, "optionalPeers": ["@types/node"] }, "sha512-EuvV6N/T3xDmRVihAOqfnbmtHGdu26TocRKANvcX/7nLLD8QO0c22Dtlc5C15+V433d9v0E0SSyqywdNCIXfLg=="],

    "@inquirer/search": ["@inquirer/search@4.1.3", "", { "dependencies": { "@inquirer/core": "^11.1.4", "@inquirer/figures": "^2.0.3", "@inquirer/type": "^4.0.3" }, "peerDependencies": { "@types/node": ">=18" }, "optionalPeers": ["@types/node"] }, "sha512-6BE8MqVMakEiLDRtrwj9fbx6AYhuj7McW3GOkOoEiQ5Qkh6v6f5HCoYNqSRE4j6nT+u+73518iUQPE+mZYlAjA=="],

    "@inquirer/select": ["@inquirer/select@5.0.7", "", { "dependencies": { "@inquirer/ansi": "^2.0.3", "@inquirer/core": "^11.1.4", "@inquirer/figures": "^2.0.3", "@inquirer/type": "^4.0.3" }, "peerDependencies": { "@types/node": ">=18" }, "optionalPeers": ["@types/node"] }, "sha512-1JUJIR+Z2PsvwP6VWty7aE0aCPaT2cy2c4Vp3LPhL2Pi3+aXewAld/AyJ/CW9XWx1JbKxmdElfvls/G/7jG7ZQ=="],

    "@inquirer/type": ["@inquirer/type@4.0.3", "", { "peerDependencies": { "@types/node": ">=18" }, "optionalPeers": ["@types/node"] }, "sha512-cKZN7qcXOpj1h+1eTTcGDVLaBIHNMT1Rz9JqJP5MnEJ0JhgVWllx7H/tahUp5YEK1qaByH2Itb8wLG/iScD5kw=="],

    "@loclaude-internal/cli": ["@loclaude-internal/cli@0.0.5", "", { "dependencies": { "@inquirer/prompts": "^8.2.0", "bytes": "^3.1.2", "cac": "^6.7.14", "picocolors": "^1.1.1" }, "peerDependencies": { "typescript": "^5" }, "optionalPeers": ["typescript"] }, "sha512-Dpn+ej8BTXz505DxTFw6BLqGTnA+q/pwva3L2givO2Ac6OtM3Dvyi5G0z7gN96RFs1fOXthyhVP2VAkTGxhvxA=="],

    "@types/bun": ["@types/bun@1.3.9", "", { "dependencies": { "bun-types": "1.3.9" } }, "sha512-KQ571yULOdWJiMH+RIWIOZ7B2RXQGpL1YQrBtLIV3FqDcCu6FsbFUBwhdKUlCKUpS3PJDsHlJ1QKlpxoVR+xtw=="],

    "@types/debug": ["@types/debug@4.1.12", "", { "dependencies": { "@types/ms": "*" } }, "sha512-vIChWdVG3LG1SMxEvI/AK+FWJthlrqlTu7fbrlywTkkaONwk/UAGaULXRlf8vkzFBLVm0zkMdCquhL5aOjhXPQ=="],

    "@types/ms": ["@types/ms@2.1.0", "", {}, "sha512-GsCCIZDE/p3i96vtEqx+7dBUGXrc7zeSK3wwPHIaRThS+9OhWIXRqzs4d6k1SVU8g91DrNRWxWUGhp5KXQb2VA=="],

    "@types/node": ["@types/node@25.3.0", "", { "dependencies": { "undici-types": "~7.18.0" } }, "sha512-4K3bqJpXpqfg2XKGK9bpDTc6xO/xoUP/RBWS7AtRMug6zZFaRekiLzjVtAoZMquxoAbzBvy5nxQ7veS5eYzf8A=="],

    "bcp-mcp-server": ["bcp-mcp-server@workspace:packages/bcp-mcp-server"],

    "bun-types": ["bun-types@1.3.9", "", { "dependencies": { "@types/node": "*" } }, "sha512-+UBWWOakIP4Tswh0Bt0QD0alpTY8cb5hvgiYeWCMet9YukHbzuruIEeXC2D7nMJPB12kbh8C7XJykSexEqGKJg=="],

    "bytes": ["bytes@3.1.2", "", {}, "sha512-/Nf7TyzTx6S3yRJObOAV7956r8cr2+Oj8AC5dt8wSP3BQAoeX58NoHyCU8P8zGkNXStjTSi6fzO6F0pBdcYbEg=="],

    "cac": ["cac@6.7.14", "", {}, "sha512-b6Ilus+c3RrdDk+JhLKUAQfzzgLEPy6wcXqS7f/xe1EETvsDP6GORG7SFuOs6cID5YkqchW/LXZbX5bc8j7ZcQ=="],

    "chardet": ["chardet@2.1.1", "", {}, "sha512-PsezH1rqdV9VvyNhxxOW32/d75r01NY7TQCmOqomRo15ZSOKbpTFVsfjghxo6JloQUCGnH4k1LGu0R4yCLlWQQ=="],

    "cli-width": ["cli-width@4.1.0", "", {}, "sha512-ouuZd4/dm2Sw5Gmqy6bGyNNNe1qt9RpmxveLSO7KcgsTnU7RXfsw+/bukWGo1abgBiMAic068rclZsO4IWmmxQ=="],

    "debug": ["debug@4.4.3", "", { "dependencies": { "ms": "^2.1.3" } }, "sha512-RGwwWnwQvkVfavKVt22FGLw+xYSdzARwm0ru6DhTVA3umU5hZc28V3kO4stgYryrTlLpuvgI9GiijltAjNbcqA=="],

    "fast-string-truncated-width": ["fast-string-truncated-width@3.0.3", "", {}, "sha512-0jjjIEL6+0jag3l2XWWizO64/aZVtpiGE3t0Zgqxv0DPuxiMjvB3M24fCyhZUO4KomJQPj3LTSUnDP3GpdwC0g=="],

    "fast-string-width": ["fast-string-width@3.0.2", "", { "dependencies": { "fast-string-truncated-width": "^3.0.2" } }, "sha512-gX8LrtNEI5hq8DVUfRQMbr5lpaS4nMIWV+7XEbXk2b8kiQIizgnlr12B4dA3ZEx3308ze0O4Q1R+cHts8kyUJg=="],

    "fast-wrap-ansi": ["fast-wrap-ansi@0.2.0", "", { "dependencies": { "fast-string-width": "^3.0.2" } }, "sha512-rLV8JHxTyhVmFYhBJuMujcrHqOT2cnO5Zxj37qROj23CP39GXubJRBUFF0z8KFK77Uc0SukZUf7JZhsVEQ6n8w=="],

    "iconv-lite": ["iconv-lite@0.7.2", "", { "dependencies": { "safer-buffer": ">= 2.1.2 < 3.0.0" } }, "sha512-im9DjEDQ55s9fL4EYzOAv0yMqmMBSZp6G0VvFyTMPKWxiSBHUj9NW/qqLmXUwXrrM7AvqSlTCfvqRb0cM8yYqw=="],

    "loclaude": ["loclaude@0.0.6", "", { "dependencies": { "@loclaude-internal/cli": "^0.0.5" }, "peerDependencies": { "typescript": "^5" }, "optionalPeers": ["typescript"], "bin": { "loclaude": "bin/index.mjs", "bun-loclaude": "bin/index.ts" } }, "sha512-bjDdbLKrpETCqAepqB0HPpO/Tm4h6OAucDMesl2MjUMne6rGIeHw/oIgN+SstF77KzBqeZy5Y2Za/oqpKl938w=="],

    "ms": ["ms@2.1.3", "", {}, "sha512-6FlzubTLZG3J2a/NVCAleEhjzq5oxgHyaCU9yYXvcLsvoVaHJq/s5xXI6/XXP6tz7R9xAOtHnSO/tXtF3WRTlA=="],

    "mute-stream": ["mute-stream@3.0.0", "", {}, "sha512-dkEJPVvun4FryqBmZ5KhDo0K9iDXAwn08tMLDinNdRBNPcYEDiWYysLcc6k3mjTMlbP9KyylvRpd4wFtwrT9rw=="],

    "picocolors": ["picocolors@1.1.1", "", {}, "sha512-xceH2snhtb5M9liqDsmEw56le376mTZkEX/jEb/RxNFyegNul7eNslCXP9FDj/Lcu0X8KEyMceP2ntpaHrDEVA=="],

    "safer-buffer": ["safer-buffer@2.1.2", "", {}, "sha512-YZo3K82SD7Riyi0E1EQPojLz7kpepnSQI9IyPbHHg1XXXevb5dJI7tpyN2ADxGcQbHG7vcyRHk0cbwqcQriUtg=="],

    "signal-exit": ["signal-exit@4.1.0", "", {}, "sha512-bzyZ1e88w9O1iNJbKnOlvYTrWPDl46O1bG0D3XInv+9tkPrxrN8jUUTiFlDkkmKWgn1M6CfIA13SuGqOa9Korw=="],

    "supports-color": ["supports-color@10.2.2", "", {}, "sha512-SS+jx45GF1QjgEXQx4NJZV9ImqmO2NPz5FNsIHrsDjh2YsHnawpan7SNQ1o8NuhrbHZy9AZhIoCUiCeaW/C80g=="],

    "typescript": ["typescript@5.9.3", "", { "bin": { "tsc": "bin/tsc", "tsserver": "bin/tsserver" } }, "sha512-jl1vZzPDinLr9eUt3J/t7V6FgNEw9QjvBPdysz9KfQDD41fQrC2Y4vKQdiaUpFT4bXlb1RHhLpp8wtm6M5TgSw=="],

    "undici-types": ["undici-types@7.18.2", "", {}, "sha512-AsuCzffGHJybSaRrmr5eHr81mwJU3kjw6M+uprWvCXiNeN9SOGwQ3Jn8jb8m3Z6izVgknn1R0FTCEAP2QrLY/w=="],
  }
}
